
Microsoft Visual Studio Solution File, Format Version 12.00
# Visual Studio Version 16
VisualStudioVersion = 16.0.31515.178
MinimumVisualStudioVersion = 10.0.40219.1
Project("{2150E333-8FDC-42A3-9474-1A3956D46DE8}") = "Src", "Src", "{9832426D-190C-495C-AE6D-C1E084115072}"
EndProject
Project("{2150E333-8FDC-42A3-9474-1A3956D46DE8}") = "Test", "Test", "{F83AB3DA-2C2F-4EF6-B860-7CFD214414BA}"
EndProject
Project("{FAE04EC0-301F-11D3-BF4B-00C04F79EFBC}") = "NikAmooz.UrlShortener.Domain", "NikAmooz.UrlShortener.Domain\NikAmooz.UrlShortener.Domain.csproj", "{2FC4747A-F5FA-4D74-9B59-3E79BFF8DBF9}"
EndProject
Project("{FAE04EC0-301F-11D3-BF4B-00C04F79EFBC}") = "NikAmooz.UrlShortener.Application", "NikAmooz.UrlShortener.Application\NikAmooz.UrlShortener.Application.csproj", "{B2F6869B-D6C5-4E5A-BC08-C42AA510F18E}"
EndProject
Project("{FAE04EC0-301F-11D3-BF4B-00C04F79EFBC}") = "NikAmooz.UrlShortener.Infrastructure", "NikAmooz.UrlShortener.Infrastructure\NikAmooz.UrlShortener.Infrastructure.csproj", "{C008E77B-97FF-4B13-9884-DB60FD74738A}"
EndProject
Global
	GlobalSection(SolutionConfigurationPlatforms) = preSolution
		Debug|Any CPU = Debug|Any CPU
		Release|Any CPU = Release|Any CPU
	EndGlobalSection
	GlobalSection(ProjectConfigurationPlatforms) = postSolution
		{2FC4747A-F5FA-4D74-9B59-3E79BFF8DBF9}.Debug|Any CPU.ActiveCfg = Debug|Any CPU
		{2FC4747A-F5FA-4D74-9B59-3E79BFF8DBF9}.Debug|Any CPU.Build.0 = Debug|Any CPU
		{2FC4747A-F5FA-4D74-9B59-3E79BFF8DBF9}.Release|Any CPU.ActiveCfg = Release|Any CPU
		{2FC4747A-F5FA-4D74-9B59-3E79BFF8DBF9}.Release|Any CPU.Build.0 = Release|Any CPU
		{B2F6869B-D6C5-4E5A-BC08-C42AA510F18E}.Debug|Any CPU.ActiveCfg = Debug|Any CPU
		{B2F6869B-D6C5-4E5A-BC08-C42AA510F18E}.Debug|Any CPU.Build.0 = Debug|Any CPU
		{B2F6869B-D6C5-4E5A-BC08-C42AA510F18E}.Release|Any CPU.ActiveCfg = Release|Any CPU
		{B2F6869B-D6C5-4E5A-BC08-C42AA510F18E}.Release|Any CPU.Build.0 = Release|Any CPU
		{C008E77B-97FF-4B13-9884-DB60FD74738A}.Debug|Any CPU.ActiveCfg = Debug|Any CPU
		{C008E77B-97FF-4B13-9884-DB60FD74738A}.Debug|Any CPU.Build.0 = Debug|Any CPU
		{C008E77B-97FF-4B13-9884-DB60FD74738A}.Release|Any CPU.ActiveCfg = Release|Any CPU
		{C008E77B-97FF-4B13-9884-DB60FD74738A}.Release|Any CPU.Build.0 = Release|Any CPU
	EndGlobalSection
	GlobalSection(SolutionProperties) = preSolution
		HideSolutionNode = FALSE
	EndGlobalSection
	GlobalSection(NestedProjects) = preSolution
		{2FC4747A-F5FA-4D74-9B59-3E79BFF8DBF9} = {9832426D-190C-495C-AE6D-C1E084115072}
		{B2F6869B-D6C5-4E5A-BC08-C42AA510F18E} = {9832426D-190C-495C-AE6D-C1E084115072}
		{C008E77B-97FF-4B13-9884-DB60FD74738A} = {9832426D-190C-495C-AE6D-C1E084115072}
	EndGlobalSection
	GlobalSection(ExtensibilityGlobals) = postSolution
		SolutionGuid = {56049786-1CB9-4019-9A09-762125885CE7}
	EndGlobalSection
EndGlobal
